
Microsoft Visual Studio Solution File, Format Version 12.00
# Visual Studio 14
VisualStudioVersion = 14.0.25123.0
MinimumVisualStudioVersion = 10.0.40219.1
Project("{7F9A678D-C2A3-4F91-871E-55F463FA2F35}") = "Sitecore.Support.132768", "Sitecore.Support.132768\Sitecore.Support.132768.csproj", "{5A5214B3-B0E7-4E3A-A2A4-8327DFA48E23}"
EndProject
Global
	GlobalSection(SolutionConfigurationPlatforms) = preSolution
		Debug|Any CPU = Debug|Any CPU
		Release|Any CPU = Release|Any CPU
	EndGlobalSection
	GlobalSection(ProjectConfigurationPlatforms) = postSolution
		{5A5214B3-B0E7-4E3A-A2A4-8327DFA48E23}.Debug|Any CPU.ActiveCfg = Debug|Any CPU
		{5A5214B3-B0E7-4E3A-A2A4-8327DFA48E23}.Debug|Any CPU.Build.0 = Debug|Any CPU
		{5A5214B3-B0E7-4E3A-A2A4-8327DFA48E23}.Release|Any CPU.ActiveCfg = Release|Any CPU
		{5A5214B3-B0E7-4E3A-A2A4-8327DFA48E23}.Release|Any CPU.Build.0 = Release|Any CPU
	EndGlobalSection
	GlobalSection(SolutionProperties) = preSolution
		HideSolutionNode = FALSE
	EndGlobalSection
EndGlobal
